
Microsoft Visual Studio Solution File, Format Version 12.00
# Visual Studio 14
VisualStudioVersion = 14.0.25123.0
MinimumVisualStudioVersion = 10.0.40219.1
Project("{FAE04EC0-301F-11D3-BF4B-00C04F79EFBC}") = "Guida.Droid", "Guida\Guida.Droid\Guida.Droid.csproj", "{04D9958F-3B38-4D0C-8143-28B85E102ECD}"
EndProject
Project("{FAE04EC0-301F-11D3-BF4B-00C04F79EFBC}") = "Guida.iOS", "Guida\Guida.iOS\Guida.iOS.csproj", "{9016466E-CBE1-4CA8-8DF0-E12D9B442C8E}"
EndProject
Project("{FAE04EC0-301F-11D3-BF4B-00C04F79EFBC}") = "Guida.WinPhone", "Guida\Guida.WinPhone\Guida.WinPhone.csproj", "{3BF93A4F-7F10-4D3E-8C23-3BFC1E14C96A}"
EndProject
Project("{D954291E-2A0B-460D-934E-DC6B0785DB48}") = "Guida", "Guida\Guida\Guida.shproj", "{8ABA9DB7-B976-4815-9706-EEED93BD0156}"
EndProject
Project("{FAE04EC0-301F-11D3-BF4B-00C04F79EFBC}") = "UnitTests", "UnitTests\UnitTests.csproj", "{2CFB1086-E27B-49E6-B1F9-D6E1752A018D}"
EndProject
Global
	GlobalSection(SharedMSBuildProjectFiles) = preSolution
		Guida\Guida\Guida.projitems*{9016466e-cbe1-4ca8-8df0-e12d9b442c8e}*SharedItemsImports = 4
		Guida\Guida\Guida.projitems*{8aba9db7-b976-4815-9706-eeed93bd0156}*SharedItemsImports = 13
		Guida\Guida\Guida.projitems*{04d9958f-3b38-4d0c-8143-28b85e102ecd}*SharedItemsImports = 4
		Guida\Guida\Guida.projitems*{2cfb1086-e27b-49e6-b1f9-d6e1752a018d}*SharedItemsImports = 4
		Guida\Guida\Guida.projitems*{3bf93a4f-7f10-4d3e-8c23-3bfc1e14c96a}*SharedItemsImports = 4
	EndGlobalSection
	GlobalSection(SolutionConfigurationPlatforms) = preSolution
		AppStore|Any CPU = AppStore|Any CPU
		AppStore|ARM = AppStore|ARM
		AppStore|iPhone = AppStore|iPhone
		AppStore|iPhoneSimulator = AppStore|iPhoneSimulator
		AppStore|x86 = AppStore|x86
		Debug|Any CPU = Debug|Any CPU
		Debug|ARM = Debug|ARM
		Debug|iPhone = Debug|iPhone
		Debug|iPhoneSimulator = Debug|iPhoneSimulator
		Debug|x86 = Debug|x86
		Release|Any CPU = Release|Any CPU
		Release|ARM = Release|ARM
		Release|iPhone = Release|iPhone
		Release|iPhoneSimulator = Release|iPhoneSimulator
		Release|x86 = Release|x86
	EndGlobalSection
	GlobalSection(ProjectConfigurationPlatforms) = postSolution
		{04D9958F-3B38-4D0C-8143-28B85E102ECD}.AppStore|Any CPU.ActiveCfg = Release|Any CPU
		{04D9958F-3B38-4D0C-8143-28B85E102ECD}.AppStore|Any CPU.Build.0 = Release|Any CPU
		{04D9958F-3B38-4D0C-8143-28B85E102ECD}.AppStore|Any CPU.Deploy.0 = Release|Any CPU
		{04D9958F-3B38-4D0C-8143-28B85E102ECD}.AppStore|ARM.ActiveCfg = Release|Any CPU
		{04D9958F-3B38-4D0C-8143-28B85E102ECD}.AppStore|ARM.Build.0 = Release|Any CPU
		{04D9958F-3B38-4D0C-8143-28B85E102ECD}.AppStore|ARM.Deploy.0 = Release|Any CPU
		{04D9958F-3B38-4D0C-8143-28B85E102ECD}.AppStore|iPhone.ActiveCfg = Release|Any CPU
		{04D9958F-3B38-4D0C-8143-28B85E102ECD}.AppStore|iPhone.Build.0 = Release|Any CPU
		{04D9958F-3B38-4D0C-8143-28B85E102ECD}.AppStore|iPhone.Deploy.0 = Release|Any CPU
		{04D9958F-3B38-4D0C-8143-28B85E102ECD}.AppStore|iPhoneSimulator.ActiveCfg = Release|Any CPU
		{04D9958F-3B38-4D0C-8143-28B85E102ECD}.AppStore|iPhoneSimulator.Build.0 = Release|Any CPU
		{04D9958F-3B38-4D0C-8143-28B85E102ECD}.AppStore|iPhoneSimulator.Deploy.0 = Release|Any CPU
		{04D9958F-3B38-4D0C-8143-28B85E102ECD}.AppStore|x86.ActiveCfg = Release|Any CPU
		{04D9958F-3B38-4D0C-8143-28B85E102ECD}.AppStore|x86.Build.0 = Release|Any CPU
		{04D9958F-3B38-4D0C-8143-28B85E102ECD}.AppStore|x86.Deploy.0 = Release|Any CPU
		{04D9958F-3B38-4D0C-8143-28B85E102ECD}.Debug|Any CPU.ActiveCfg = Debug|Any CPU
		{04D9958F-3B38-4D0C-8143-28B85E102ECD}.Debug|Any CPU.Build.0 = Debug|Any CPU
		{04D9958F-3B38-4D0C-8143-28B85E102ECD}.Debug|Any CPU.Deploy.0 = Debug|Any CPU
		{04D9958F-3B38-4D0C-8143-28B85E102ECD}.Debug|ARM.ActiveCfg = Debug|Any CPU
		{04D9958F-3B38-4D0C-8143-28B85E102ECD}.Debug|ARM.Build.0 = Debug|Any CPU
		{04D9958F-3B38-4D0C-8143-28B85E102ECD}.Debug|ARM.Deploy.0 = Debug|Any CPU
		{04D9958F-3B38-4D0C-8143-28B85E102ECD}.Debug|iPhone.ActiveCfg = Debug|Any CPU
		{04D9958F-3B38-4D0C-8143-28B85E102ECD}.Debug|iPhone.Build.0 = Debug|Any CPU
		{04D9958F-3B38-4D0C-8143-28B85E102ECD}.Debug|iPhone.Deploy.0 = Debug|Any CPU
		{04D9958F-3B38-4D0C-8143-28B85E102ECD}.Debug|iPhoneSimulator.ActiveCfg = Debug|Any CPU
		{04D9958F-3B38-4D0C-8143-28B85E102ECD}.Debug|iPhoneSimulator.Build.0 = Debug|Any CPU
		{04D9958F-3B38-4D0C-8143-28B85E102ECD}.Debug|iPhoneSimulator.Deploy.0 = Debug|Any CPU
		{04D9958F-3B38-4D0C-8143-28B85E102ECD}.Debug|x86.ActiveCfg = Debug|Any CPU
		{04D9958F-3B38-4D0C-8143-28B85E102ECD}.Debug|x86.Build.0 = Debug|Any CPU
		{04D9958F-3B38-4D0C-8143-28B85E102ECD}.Debug|x86.Deploy.0 = Debug|Any CPU
		{04D9958F-3B38-4D0C-8143-28B85E102ECD}.Release|Any CPU.ActiveCfg = Release|Any CPU
		{04D9958F-3B38-4D0C-8143-28B85E102ECD}.Release|Any CPU.Build.0 = Release|Any CPU
		{04D9958F-3B38-4D0C-8143-28B85E102ECD}.Release|Any CPU.Deploy.0 = Release|Any CPU
		{04D9958F-3B38-4D0C-8143-28B85E102ECD}.Release|ARM.ActiveCfg = Release|Any CPU
		{04D9958F-3B38-4D0C-8143-28B85E102ECD}.Release|ARM.Build.0 = Release|Any CPU
		{04D9958F-3B38-4D0C-8143-28B85E102ECD}.Release|ARM.Deploy.0 = Release|Any CPU
		{04D9958F-3B38-4D0C-8143-28B85E102ECD}.Release|iPhone.ActiveCfg = Release|Any CPU
		{04D9958F-3B38-4D0C-8143-28B85E102ECD}.Release|iPhone.Build.0 = Release|Any CPU
		{04D9958F-3B38-4D0C-8143-28B85E102ECD}.Release|iPhone.Deploy.0 = Release|Any CPU
		{04D9958F-3B38-4D0C-8143-28B85E102ECD}.Release|iPhoneSimulator.ActiveCfg = Release|Any CPU
		{04D9958F-3B38-4D0C-8143-28B85E102ECD}.Release|iPhoneSimulator.Build.0 = Release|Any CPU
		{04D9958F-3B38-4D0C-8143-28B85E102ECD}.Release|iPhoneSimulator.Deploy.0 = Release|Any CPU
		{04D9958F-3B38-4D0C-8143-28B85E102ECD}.Release|x86.ActiveCfg = Release|Any CPU
		{04D9958F-3B38-4D0C-8143-28B85E102ECD}.Release|x86.Build.0 = Release|Any CPU
		{04D9958F-3B38-4D0C-8143-28B85E102ECD}.Release|x86.Deploy.0 = Release|Any CPU
		{9016466E-CBE1-4CA8-8DF0-E12D9B442C8E}.AppStore|Any CPU.ActiveCfg = AppStore|iPhone
		{9016466E-CBE1-4CA8-8DF0-E12D9B442C8E}.AppStore|ARM.ActiveCfg = AppStore|iPhone
		{9016466E-CBE1-4CA8-8DF0-E12D9B442C8E}.AppStore|iPhone.ActiveCfg = AppStore|iPhone
		{9016466E-CBE1-4CA8-8DF0-E12D9B442C8E}.AppStore|iPhone.Build.0 = AppStore|iPhone
		{9016466E-CBE1-4CA8-8DF0-E12D9B442C8E}.AppStore|iPhoneSimulator.ActiveCfg = AppStore|iPhoneSimulator
		{9016466E-CBE1-4CA8-8DF0-E12D9B442C8E}.AppStore|iPhoneSimulator.Build.0 = AppStore|iPhoneSimulator
		{9016466E-CBE1-4CA8-8DF0-E12D9B442C8E}.AppStore|x86.ActiveCfg = AppStore|iPhone
		{9016466E-CBE1-4CA8-8DF0-E12D9B442C8E}.Debug|Any CPU.ActiveCfg = Debug|iPhone
		{9016466E-CBE1-4CA8-8DF0-E12D9B442C8E}.Debug|ARM.ActiveCfg = Debug|iPhone
		{9016466E-CBE1-4CA8-8DF0-E12D9B442C8E}.Debug|iPhone.ActiveCfg = Debug|iPhone
		{9016466E-CBE1-4CA8-8DF0-E12D9B442C8E}.Debug|iPhone.Build.0 = Debug|iPhone
		{9016466E-CBE1-4CA8-8DF0-E12D9B442C8E}.Debug|iPhoneSimulator.ActiveCfg = Debug|iPhoneSimulator
		{9016466E-CBE1-4CA8-8DF0-E12D9B442C8E}.Debug|iPhoneSimulator.Build.0 = Debug|iPhoneSimulator
		{9016466E-CBE1-4CA8-8DF0-E12D9B442C8E}.Debug|x86.ActiveCfg = Debug|iPhone
		{9016466E-CBE1-4CA8-8DF0-E12D9B442C8E}.Release|Any CPU.ActiveCfg = Release|iPhone
		{9016466E-CBE1-4CA8-8DF0-E12D9B442C8E}.Release|ARM.ActiveCfg = Release|iPhone
		{9016466E-CBE1-4CA8-8DF0-E12D9B442C8E}.Release|iPhone.ActiveCfg = Release|iPhone
		{9016466E-CBE1-4CA8-8DF0-E12D9B442C8E}.Release|iPhone.Build.0 = Release|iPhone
		{9016466E-CBE1-4CA8-8DF0-E12D9B442C8E}.Release|iPhoneSimulator.ActiveCfg = Release|iPhoneSimulator
		{9016466E-CBE1-4CA8-8DF0-E12D9B442C8E}.Release|iPhoneSimulator.Build.0 = Release|iPhoneSimulator
		{9016466E-CBE1-4CA8-8DF0-E12D9B442C8E}.Release|x86.ActiveCfg = Release|iPhone
		{3BF93A4F-7F10-4D3E-8C23-3BFC1E14C96A}.AppStore|Any CPU.ActiveCfg = Release|Any CPU
		{3BF93A4F-7F10-4D3E-8C23-3BFC1E14C96A}.AppStore|Any CPU.Build.0 = Release|Any CPU
		{3BF93A4F-7F10-4D3E-8C23-3BFC1E14C96A}.AppStore|Any CPU.Deploy.0 = Release|Any CPU
		{3BF93A4F-7F10-4D3E-8C23-3BFC1E14C96A}.AppStore|ARM.ActiveCfg = Release|ARM
		{3BF93A4F-7F10-4D3E-8C23-3BFC1E14C96A}.AppStore|ARM.Build.0 = Release|ARM
		{3BF93A4F-7F10-4D3E-8C23-3BFC1E14C96A}.AppStore|ARM.Deploy.0 = Release|ARM
		{3BF93A4F-7F10-4D3E-8C23-3BFC1E14C96A}.AppStore|iPhone.ActiveCfg = Release|Any CPU
		{3BF93A4F-7F10-4D3E-8C23-3BFC1E14C96A}.AppStore|iPhone.Build.0 = Release|Any CPU
		{3BF93A4F-7F10-4D3E-8C23-3BFC1E14C96A}.AppStore|iPhone.Deploy.0 = Release|Any CPU
		{3BF93A4F-7F10-4D3E-8C23-3BFC1E14C96A}.AppStore|iPhoneSimulator.ActiveCfg = Release|Any CPU
		{3BF93A4F-7F10-4D3E-8C23-3BFC1E14C96A}.AppStore|iPhoneSimulator.Build.0 = Release|Any CPU
		{3BF93A4F-7F10-4D3E-8C23-3BFC1E14C96A}.AppStore|iPhoneSimulator.Deploy.0 = Release|Any CPU
		{3BF93A4F-7F10-4D3E-8C23-3BFC1E14C96A}.AppStore|x86.ActiveCfg = Release|x86
		{3BF93A4F-7F10-4D3E-8C23-3BFC1E14C96A}.AppStore|x86.Build.0 = Release|x86
		{3BF93A4F-7F10-4D3E-8C23-3BFC1E14C96A}.AppStore|x86.Deploy.0 = Release|x86
		{3BF93A4F-7F10-4D3E-8C23-3BFC1E14C96A}.Debug|Any CPU.ActiveCfg = Debug|Any CPU
		{3BF93A4F-7F10-4D3E-8C23-3BFC1E14C96A}.Debug|Any CPU.Build.0 = Debug|Any CPU
		{3BF93A4F-7F10-4D3E-8C23-3BFC1E14C96A}.Debug|Any CPU.Deploy.0 = Debug|Any CPU
		{3BF93A4F-7F10-4D3E-8C23-3BFC1E14C96A}.Debug|ARM.ActiveCfg = Debug|ARM
		{3BF93A4F-7F10-4D3E-8C23-3BFC1E14C96A}.Debug|ARM.Build.0 = Debug|ARM
		{3BF93A4F-7F10-4D3E-8C23-3BFC1E14C96A}.Debug|ARM.Deploy.0 = Debug|ARM
		{3BF93A4F-7F10-4D3E-8C23-3BFC1E14C96A}.Debug|iPhone.ActiveCfg = Debug|Any CPU
		{3BF93A4F-7F10-4D3E-8C23-3BFC1E14C96A}.Debug|iPhone.Build.0 = Debug|Any CPU
		{3BF93A4F-7F10-4D3E-8C23-3BFC1E14C96A}.Debug|iPhone.Deploy.0 = Debug|Any CPU
		{3BF93A4F-7F10-4D3E-8C23-3BFC1E14C96A}.Debug|iPhoneSimulator.ActiveCfg = Debug|Any CPU
		{3BF93A4F-7F10-4D3E-8C23-3BFC1E14C96A}.Debug|iPhoneSimulator.Build.0 = Debug|Any CPU
		{3BF93A4F-7F10-4D3E-8C23-3BFC1E14C96A}.Debug|iPhoneSimulator.Deploy.0 = Debug|Any CPU
		{3BF93A4F-7F10-4D3E-8C23-3BFC1E14C96A}.Debug|x86.ActiveCfg = Debug|x86
		{3BF93A4F-7F10-4D3E-8C23-3BFC1E14C96A}.Debug|x86.Build.0 = Debug|x86
		{3BF93A4F-7F10-4D3E-8C23-3BFC1E14C96A}.Debug|x86.Deploy.0 = Debug|x86
		{3BF93A4F-7F10-4D3E-8C23-3BFC1E14C96A}.Release|Any CPU.ActiveCfg = Release|Any CPU
		{3BF93A4F-7F10-4D3E-8C23-3BFC1E14C96A}.Release|Any CPU.Build.0 = Release|Any CPU
		{3BF93A4F-7F10-4D3E-8C23-3BFC1E14C96A}.Release|Any CPU.Deploy.0 = Release|Any CPU
		{3BF93A4F-7F10-4D3E-8C23-3BFC1E14C96A}.Release|ARM.ActiveCfg = Release|ARM
		{3BF93A4F-7F10-4D3E-8C23-3BFC1E14C96A}.Release|ARM.Build.0 = Release|ARM
		{3BF93A4F-7F10-4D3E-8C23-3BFC1E14C96A}.Release|ARM.Deploy.0 = Release|ARM
		{3BF93A4F-7F10-4D3E-8C23-3BFC1E14C96A}.Release|iPhone.ActiveCfg = Release|Any CPU
		{3BF93A4F-7F10-4D3E-8C23-3BFC1E14C96A}.Release|iPhone.Build.0 = Release|Any CPU
		{3BF93A4F-7F10-4D3E-8C23-3BFC1E14C96A}.Release|iPhone.Deploy.0 = Release|Any CPU
		{3BF93A4F-7F10-4D3E-8C23-3BFC1E14C96A}.Release|iPhoneSimulator.ActiveCfg = Release|Any CPU
		{3BF93A4F-7F10-4D3E-8C23-3BFC1E14C96A}.Release|iPhoneSimulator.Build.0 = Release|Any CPU
		{3BF93A4F-7F10-4D3E-8C23-3BFC1E14C96A}.Release|iPhoneSimulator.Deploy.0 = Release|Any CPU
		{3BF93A4F-7F10-4D3E-8C23-3BFC1E14C96A}.Release|x86.ActiveCfg = Release|x86
		{3BF93A4F-7F10-4D3E-8C23-3BFC1E14C96A}.Release|x86.Build.0 = Release|x86
		{3BF93A4F-7F10-4D3E-8C23-3BFC1E14C96A}.Release|x86.Deploy.0 = Release|x86
		{2CFB1086-E27B-49E6-B1F9-D6E1752A018D}.AppStore|Any CPU.ActiveCfg = Release|Any CPU
		{2CFB1086-E27B-49E6-B1F9-D6E1752A018D}.AppStore|Any CPU.Build.0 = Release|Any CPU
		{2CFB1086-E27B-49E6-B1F9-D6E1752A018D}.AppStore|Any CPU.Deploy.0 = Release|Any CPU
		{2CFB1086-E27B-49E6-B1F9-D6E1752A018D}.AppStore|ARM.ActiveCfg = Release|Any CPU
		{2CFB1086-E27B-49E6-B1F9-D6E1752A018D}.AppStore|ARM.Build.0 = Release|Any CPU
		{2CFB1086-E27B-49E6-B1F9-D6E1752A018D}.AppStore|ARM.Deploy.0 = Release|Any CPU
		{2CFB1086-E27B-49E6-B1F9-D6E1752A018D}.AppStore|iPhone.ActiveCfg = Release|Any CPU
		{2CFB1086-E27B-49E6-B1F9-D6E1752A018D}.AppStore|iPhone.Build.0 = Release|Any CPU
		{2CFB1086-E27B-49E6-B1F9-D6E1752A018D}.AppStore|iPhone.Deploy.0 = Release|Any CPU
		{2CFB1086-E27B-49E6-B1F9-D6E1752A018D}.AppStore|iPhoneSimulator.ActiveCfg = Release|Any CPU
		{2CFB1086-E27B-49E6-B1F9-D6E1752A018D}.AppStore|iPhoneSimulator.Build.0 = Release|Any CPU
		{2CFB1086-E27B-49E6-B1F9-D6E1752A018D}.AppStore|iPhoneSimulator.Deploy.0 = Release|Any CPU
		{2CFB1086-E27B-49E6-B1F9-D6E1752A018D}.AppStore|x86.ActiveCfg = Release|Any CPU
		{2CFB1086-E27B-49E6-B1F9-D6E1752A018D}.AppStore|x86.Build.0 = Release|Any CPU
		{2CFB1086-E27B-49E6-B1F9-D6E1752A018D}.AppStore|x86.Deploy.0 = Release|Any CPU
		{2CFB1086-E27B-49E6-B1F9-D6E1752A018D}.Debug|Any CPU.ActiveCfg = Debug|Any CPU
		{2CFB1086-E27B-49E6-B1F9-D6E1752A018D}.Debug|Any CPU.Build.0 = Debug|Any CPU
		{2CFB1086-E27B-49E6-B1F9-D6E1752A018D}.Debug|Any CPU.Deploy.0 = Debug|Any CPU
		{2CFB1086-E27B-49E6-B1F9-D6E1752A018D}.Debug|ARM.ActiveCfg = Debug|Any CPU
		{2CFB1086-E27B-49E6-B1F9-D6E1752A018D}.Debug|ARM.Build.0 = Debug|Any CPU
		{2CFB1086-E27B-49E6-B1F9-D6E1752A018D}.Debug|ARM.Deploy.0 = Debug|Any CPU
		{2CFB1086-E27B-49E6-B1F9-D6E1752A018D}.Debug|iPhone.ActiveCfg = Debug|Any CPU
		{2CFB1086-E27B-49E6-B1F9-D6E1752A018D}.Debug|iPhone.Build.0 = Debug|Any CPU
		{2CFB1086-E27B-49E6-B1F9-D6E1752A018D}.Debug|iPhone.Deploy.0 = Debug|Any CPU
		{2CFB1086-E27B-49E6-B1F9-D6E1752A018D}.Debug|iPhoneSimulator.ActiveCfg = Debug|Any CPU
		{2CFB1086-E27B-49E6-B1F9-D6E1752A018D}.Debug|iPhoneSimulator.Build.0 = Debug|Any CPU
		{2CFB1086-E27B-49E6-B1F9-D6E1752A018D}.Debug|iPhoneSimulator.Deploy.0 = Debug|Any CPU
		{2CFB1086-E27B-49E6-B1F9-D6E1752A018D}.Debug|x86.ActiveCfg = Debug|Any CPU
		{2CFB1086-E27B-49E6-B1F9-D6E1752A018D}.Debug|x86.Build.0 = Debug|Any CPU
		{2CFB1086-E27B-49E6-B1F9-D6E1752A018D}.Debug|x86.Deploy.0 = Debug|Any CPU
		{2CFB1086-E27B-49E6-B1F9-D6E1752A018D}.Release|Any CPU.ActiveCfg = Release|Any CPU
		{2CFB1086-E27B-49E6-B1F9-D6E1752A018D}.Release|Any CPU.Build.0 = Release|Any CPU
		{2CFB1086-E27B-49E6-B1F9-D6E1752A018D}.Release|Any CPU.Deploy.0 = Release|Any CPU
		{2CFB1086-E27B-49E6-B1F9-D6E1752A018D}.Release|ARM.ActiveCfg = Release|Any CPU
		{2CFB1086-E27B-49E6-B1F9-D6E1752A018D}.Release|ARM.Build.0 = Release|Any CPU
		{2CFB1086-E27B-49E6-B1F9-D6E1752A018D}.Release|ARM.Deploy.0 = Release|Any CPU
		{2CFB1086-E27B-49E6-B1F9-D6E1752A018D}.Release|iPhone.ActiveCfg = Release|Any CPU
		{2CFB1086-E27B-49E6-B1F9-D6E1752A018D}.Release|iPhone.Build.0 = Release|Any CPU
		{2CFB1086-E27B-49E6-B1F9-D6E1752A018D}.Release|iPhone.Deploy.0 = Release|Any CPU
		{2CFB1086-E27B-49E6-B1F9-D6E1752A018D}.Release|iPhoneSimulator.ActiveCfg = Release|Any CPU
		{2CFB1086-E27B-49E6-B1F9-D6E1752A018D}.Release|iPhoneSimulator.Build.0 = Release|Any CPU
		{2CFB1086-E27B-49E6-B1F9-D6E1752A018D}.Release|iPhoneSimulator.Deploy.0 = Release|Any CPU
		{2CFB1086-E27B-49E6-B1F9-D6E1752A018D}.Release|x86.ActiveCfg = Release|Any CPU
		{2CFB1086-E27B-49E6-B1F9-D6E1752A018D}.Release|x86.Build.0 = Release|Any CPU
		{2CFB1086-E27B-49E6-B1F9-D6E1752A018D}.Release|x86.Deploy.0 = Release|Any CPU
	EndGlobalSection
	GlobalSection(SolutionProperties) = preSolution
		HideSolutionNode = FALSE
	EndGlobalSection
EndGlobal
